
Microsoft Visual Studio Solution File, Format Version 12.00
# Visual Studio Version 16
VisualStudioVersion = 16.0.29102.190
MinimumVisualStudioVersion = 10.0.40219.1
Project("{FAE04EC0-301F-11D3-BF4B-00C04F79EFBC}") = "MSBuildBinLogPlayground", "MSBuildBinLogPlayground.csproj", "{274D9F52-B4E1-4CD6-B94B-35FE9E41764E}"
EndProject
Global
	GlobalSection(SolutionConfigurationPlatforms) = preSolution
		Debug|Any CPU = Debug|Any CPU
		Release|Any CPU = Release|Any CPU
	EndGlobalSection
	GlobalSection(ProjectConfigurationPlatforms) = postSolution
		{274D9F52-B4E1-4CD6-B94B-35FE9E41764E}.Debug|Any CPU.ActiveCfg = Debug|Any CPU
		{274D9F52-B4E1-4CD6-B94B-35FE9E41764E}.Debug|Any CPU.Build.0 = Debug|Any CPU
		{274D9F52-B4E1-4CD6-B94B-35FE9E41764E}.Release|Any CPU.ActiveCfg = Release|Any CPU
		{274D9F52-B4E1-4CD6-B94B-35FE9E41764E}.Release|Any CPU.Build.0 = Release|Any CPU
	EndGlobalSection
	GlobalSection(SolutionProperties) = preSolution
		HideSolutionNode = FALSE
	EndGlobalSection
	GlobalSection(ExtensibilityGlobals) = postSolution
		SolutionGuid = {DCEFF6AC-7FB0-406E-970D-AD911A9ABDA8}
	EndGlobalSection
EndGlobal
